
Microsoft Visual Studio Solution File, Format Version 12.00
# Visual Studio 14
VisualStudioVersion = 14.0.25420.1
MinimumVisualStudioVersion = 10.0.40219.1
Project("{FAE04EC0-301F-11D3-BF4B-00C04F79EFBC}") = "AlmightyWarlords.Web.Tests", "AlmightyWarlords.Web.Tests\AlmightyWarlords.Web.Tests.csproj", "{A588F6B0-DC44-41A3-A830-DEF64F3A962D}"
EndProject
Project("{FAE04EC0-301F-11D3-BF4B-00C04F79EFBC}") = "AlmightyWarlords.Models", "AlmightyWarlords.Models\AlmightyWarlords.Models.csproj", "{DE965255-110E-462A-9437-CAB1E68BAB2D}"
EndProject
Project("{FAE04EC0-301F-11D3-BF4B-00C04F79EFBC}") = "AlmightyWarlords.DataAccess", "AlmightyWarlords.DataAccess\AlmightyWarlords.DataAccess.csproj", "{92A4E5B9-B69C-42FC-8623-8C70815C2A26}"
EndProject
Project("{FAE04EC0-301F-11D3-BF4B-00C04F79EFBC}") = "AlmightyWarlords.Logic", "AlmightyWarlords.Logic\AlmightyWarlords.Logic.csproj", "{06C14149-780E-4B9D-B12C-8020E25502A6}"
EndProject
Project("{FAE04EC0-301F-11D3-BF4B-00C04F79EFBC}") = "AlmightyWarlords.Logic.Tests", "AlmightyWarlords.Logic.Tests\AlmightyWarlords.Logic.Tests.csproj", "{572419E2-3EC8-48F0-8F90-4D76418A2F78}"
EndProject
Project("{FAE04EC0-301F-11D3-BF4B-00C04F79EFBC}") = "AlmightyWarlords.Web", "AlmightyWarlords.Web\AlmightyWarlords.Web.csproj", "{0D264B16-2324-41BF-9D71-A35F421A116C}"
EndProject
Project("{FAE04EC0-301F-11D3-BF4B-00C04F79EFBC}") = "AlmightyWarlords.WebApi", "AlmightyWarlords.WebApi\AlmightyWarlords.WebApi.csproj", "{6469A27E-B135-45F1-A755-4B193DA176FA}"
EndProject
Project("{FAE04EC0-301F-11D3-BF4B-00C04F79EFBC}") = "AlmightyWarlords.WebApi.Tests", "AlmightyWarlords.WebApi.Tests\AlmightyWarlords.WebApi.Tests.csproj", "{168AEA99-500F-4005-856F-CE5FE59AB166}"
EndProject
Project("{FAE04EC0-301F-11D3-BF4B-00C04F79EFBC}") = "AlmightyWarlords.Web.Controller", "AlmightyWarlords.Web.Controller\AlmightyWarlords.Web.Controller.csproj", "{982BE63E-5BF7-4CC0-BE45-210E941A0D1A}"
EndProject
Project("{FAE04EC0-301F-11D3-BF4B-00C04F79EFBC}") = "AlmightyWarlords.Web.Controller.Tests", "AlmightyWarlords.Web.Controller.Tests\AlmightyWarlords.Web.Controller.Tests.csproj", "{7E808A4D-D685-4E03-A2A5-70568BFAC3D4}"
EndProject
Project("{FAE04EC0-301F-11D3-BF4B-00C04F79EFBC}") = "AlmightyWarlords.DataAccess.Interfaces", "AlmightyWarlords.DataAccess.Interfaces\AlmightyWarlords.DataAccess.Interfaces.csproj", "{F270E65A-30B8-439C-8FA3-3A61FFC4371A}"
EndProject
Project("{FAE04EC0-301F-11D3-BF4B-00C04F79EFBC}") = "AlmightyWarlords.DataAccess.Tests", "AlmightyWarlords.DataAccess.Tests\AlmightyWarlords.DataAccess.Tests.csproj", "{7571052A-13FD-4088-A370-27FAFE642F31}"
EndProject
Project("{2150E333-8FDC-42A3-9474-1A3956D46DE8}") = "2 - DataAccess", "2 - DataAccess", "{DE9AA59A-90C1-4020-8D8D-24E1C9E93560}"
EndProject
Project("{2150E333-8FDC-42A3-9474-1A3956D46DE8}") = "3 - Logic", "3 - Logic", "{A8B2A545-9308-4F00-BB67-3977EC0B4F48}"
EndProject
Project("{FAE04EC0-301F-11D3-BF4B-00C04F79EFBC}") = "AlmightyWarlords.Logic.Interfaces", "AlmightyWarlords.Logic.Interfaces\AlmightyWarlords.Logic.Interfaces.csproj", "{A152DB2B-4351-4409-A728-C5F26CCCA8BB}"
EndProject
Project("{2150E333-8FDC-42A3-9474-1A3956D46DE8}") = "0 - Common", "0 - Common", "{4FA227AD-6826-407F-9C74-98D89325DDAE}"
EndProject
Project("{2150E333-8FDC-42A3-9474-1A3956D46DE8}") = "5 - Web", "5 - Web", "{AA99DDDB-21C0-4F69-846D-A0DBCAB331EF}"
EndProject
Project("{2150E333-8FDC-42A3-9474-1A3956D46DE8}") = "4 - API", "4 - API", "{A84CBAE5-CCAD-4C4C-AD3C-5848F5DAEAD1}"
EndProject
Global
	GlobalSection(SolutionConfigurationPlatforms) = preSolution
		Debug|Any CPU = Debug|Any CPU
		Release|Any CPU = Release|Any CPU
	EndGlobalSection
	GlobalSection(ProjectConfigurationPlatforms) = postSolution
		{A588F6B0-DC44-41A3-A830-DEF64F3A962D}.Debug|Any CPU.ActiveCfg = Debug|Any CPU
		{A588F6B0-DC44-41A3-A830-DEF64F3A962D}.Debug|Any CPU.Build.0 = Debug|Any CPU
		{A588F6B0-DC44-41A3-A830-DEF64F3A962D}.Release|Any CPU.ActiveCfg = Release|Any CPU
		{A588F6B0-DC44-41A3-A830-DEF64F3A962D}.Release|Any CPU.Build.0 = Release|Any CPU
		{DE965255-110E-462A-9437-CAB1E68BAB2D}.Debug|Any CPU.ActiveCfg = Debug|Any CPU
		{DE965255-110E-462A-9437-CAB1E68BAB2D}.Debug|Any CPU.Build.0 = Debug|Any CPU
		{DE965255-110E-462A-9437-CAB1E68BAB2D}.Release|Any CPU.ActiveCfg = Release|Any CPU
		{DE965255-110E-462A-9437-CAB1E68BAB2D}.Release|Any CPU.Build.0 = Release|Any CPU
		{92A4E5B9-B69C-42FC-8623-8C70815C2A26}.Debug|Any CPU.ActiveCfg = Debug|Any CPU
		{92A4E5B9-B69C-42FC-8623-8C70815C2A26}.Debug|Any CPU.Build.0 = Debug|Any CPU
		{92A4E5B9-B69C-42FC-8623-8C70815C2A26}.Release|Any CPU.ActiveCfg = Release|Any CPU
		{92A4E5B9-B69C-42FC-8623-8C70815C2A26}.Release|Any CPU.Build.0 = Release|Any CPU
		{06C14149-780E-4B9D-B12C-8020E25502A6}.Debug|Any CPU.ActiveCfg = Debug|Any CPU
		{06C14149-780E-4B9D-B12C-8020E25502A6}.Debug|Any CPU.Build.0 = Debug|Any CPU
		{06C14149-780E-4B9D-B12C-8020E25502A6}.Release|Any CPU.ActiveCfg = Release|Any CPU
		{06C14149-780E-4B9D-B12C-8020E25502A6}.Release|Any CPU.Build.0 = Release|Any CPU
		{572419E2-3EC8-48F0-8F90-4D76418A2F78}.Debug|Any CPU.ActiveCfg = Debug|Any CPU
		{572419E2-3EC8-48F0-8F90-4D76418A2F78}.Debug|Any CPU.Build.0 = Debug|Any CPU
		{572419E2-3EC8-48F0-8F90-4D76418A2F78}.Release|Any CPU.ActiveCfg = Release|Any CPU
		{572419E2-3EC8-48F0-8F90-4D76418A2F78}.Release|Any CPU.Build.0 = Release|Any CPU
		{0D264B16-2324-41BF-9D71-A35F421A116C}.Debug|Any CPU.ActiveCfg = Debug|Any CPU
		{0D264B16-2324-41BF-9D71-A35F421A116C}.Debug|Any CPU.Build.0 = Debug|Any CPU
		{0D264B16-2324-41BF-9D71-A35F421A116C}.Release|Any CPU.ActiveCfg = Release|Any CPU
		{0D264B16-2324-41BF-9D71-A35F421A116C}.Release|Any CPU.Build.0 = Release|Any CPU
		{6469A27E-B135-45F1-A755-4B193DA176FA}.Debug|Any CPU.ActiveCfg = Debug|Any CPU
		{6469A27E-B135-45F1-A755-4B193DA176FA}.Debug|Any CPU.Build.0 = Debug|Any CPU
		{6469A27E-B135-45F1-A755-4B193DA176FA}.Release|Any CPU.ActiveCfg = Release|Any CPU
		{6469A27E-B135-45F1-A755-4B193DA176FA}.Release|Any CPU.Build.0 = Release|Any CPU
		{168AEA99-500F-4005-856F-CE5FE59AB166}.Debug|Any CPU.ActiveCfg = Debug|Any CPU
		{168AEA99-500F-4005-856F-CE5FE59AB166}.Debug|Any CPU.Build.0 = Debug|Any CPU
		{168AEA99-500F-4005-856F-CE5FE59AB166}.Release|Any CPU.ActiveCfg = Release|Any CPU
		{168AEA99-500F-4005-856F-CE5FE59AB166}.Release|Any CPU.Build.0 = Release|Any CPU
		{982BE63E-5BF7-4CC0-BE45-210E941A0D1A}.Debug|Any CPU.ActiveCfg = Debug|Any CPU
		{982BE63E-5BF7-4CC0-BE45-210E941A0D1A}.Debug|Any CPU.Build.0 = Debug|Any CPU
		{982BE63E-5BF7-4CC0-BE45-210E941A0D1A}.Release|Any CPU.ActiveCfg = Release|Any CPU
		{982BE63E-5BF7-4CC0-BE45-210E941A0D1A}.Release|Any CPU.Build.0 = Release|Any CPU
		{7E808A4D-D685-4E03-A2A5-70568BFAC3D4}.Debug|Any CPU.ActiveCfg = Debug|Any CPU
		{7E808A4D-D685-4E03-A2A5-70568BFAC3D4}.Debug|Any CPU.Build.0 = Debug|Any CPU
		{7E808A4D-D685-4E03-A2A5-70568BFAC3D4}.Release|Any CPU.ActiveCfg = Release|Any CPU
		{7E808A4D-D685-4E03-A2A5-70568BFAC3D4}.Release|Any CPU.Build.0 = Release|Any CPU
		{F270E65A-30B8-439C-8FA3-3A61FFC4371A}.Debug|Any CPU.ActiveCfg = Debug|Any CPU
		{F270E65A-30B8-439C-8FA3-3A61FFC4371A}.Debug|Any CPU.Build.0 = Debug|Any CPU
		{F270E65A-30B8-439C-8FA3-3A61FFC4371A}.Release|Any CPU.ActiveCfg = Release|Any CPU
		{F270E65A-30B8-439C-8FA3-3A61FFC4371A}.Release|Any CPU.Build.0 = Release|Any CPU
		{7571052A-13FD-4088-A370-27FAFE642F31}.Debug|Any CPU.ActiveCfg = Debug|Any CPU
		{7571052A-13FD-4088-A370-27FAFE642F31}.Debug|Any CPU.Build.0 = Debug|Any CPU
		{7571052A-13FD-4088-A370-27FAFE642F31}.Release|Any CPU.ActiveCfg = Release|Any CPU
		{7571052A-13FD-4088-A370-27FAFE642F31}.Release|Any CPU.Build.0 = Release|Any CPU
		{A152DB2B-4351-4409-A728-C5F26CCCA8BB}.Debug|Any CPU.ActiveCfg = Debug|Any CPU
		{A152DB2B-4351-4409-A728-C5F26CCCA8BB}.Debug|Any CPU.Build.0 = Debug|Any CPU
		{A152DB2B-4351-4409-A728-C5F26CCCA8BB}.Release|Any CPU.ActiveCfg = Release|Any CPU
		{A152DB2B-4351-4409-A728-C5F26CCCA8BB}.Release|Any CPU.Build.0 = Release|Any CPU
	EndGlobalSection
	GlobalSection(SolutionProperties) = preSolution
		HideSolutionNode = FALSE
	EndGlobalSection
	GlobalSection(NestedProjects) = preSolution
		{A588F6B0-DC44-41A3-A830-DEF64F3A962D} = {AA99DDDB-21C0-4F69-846D-A0DBCAB331EF}
		{DE965255-110E-462A-9437-CAB1E68BAB2D} = {4FA227AD-6826-407F-9C74-98D89325DDAE}
		{92A4E5B9-B69C-42FC-8623-8C70815C2A26} = {DE9AA59A-90C1-4020-8D8D-24E1C9E93560}
		{06C14149-780E-4B9D-B12C-8020E25502A6} = {A8B2A545-9308-4F00-BB67-3977EC0B4F48}
		{572419E2-3EC8-48F0-8F90-4D76418A2F78} = {A8B2A545-9308-4F00-BB67-3977EC0B4F48}
		{0D264B16-2324-41BF-9D71-A35F421A116C} = {AA99DDDB-21C0-4F69-846D-A0DBCAB331EF}
		{6469A27E-B135-45F1-A755-4B193DA176FA} = {A84CBAE5-CCAD-4C4C-AD3C-5848F5DAEAD1}
		{168AEA99-500F-4005-856F-CE5FE59AB166} = {A84CBAE5-CCAD-4C4C-AD3C-5848F5DAEAD1}
		{982BE63E-5BF7-4CC0-BE45-210E941A0D1A} = {AA99DDDB-21C0-4F69-846D-A0DBCAB331EF}
		{7E808A4D-D685-4E03-A2A5-70568BFAC3D4} = {AA99DDDB-21C0-4F69-846D-A0DBCAB331EF}
		{F270E65A-30B8-439C-8FA3-3A61FFC4371A} = {DE9AA59A-90C1-4020-8D8D-24E1C9E93560}
		{7571052A-13FD-4088-A370-27FAFE642F31} = {DE9AA59A-90C1-4020-8D8D-24E1C9E93560}
		{A152DB2B-4351-4409-A728-C5F26CCCA8BB} = {A8B2A545-9308-4F00-BB67-3977EC0B4F48}
	EndGlobalSection
EndGlobal
