
Microsoft Visual Studio Solution File, Format Version 12.00
# Visual Studio 14
VisualStudioVersion = 14.0.25420.1
MinimumVisualStudioVersion = 10.0.40219.1
Project("{FAE04EC0-301F-11D3-BF4B-00C04F79EFBC}") = "AlmightyWarlords.Web.Tests", "AlmightyWarlords.Web.Tests\AlmightyWarlords.Web.Tests.csproj", "{A588F6B0-DC44-41A3-A830-DEF64F3A962D}"
EndProject
Project("{FAE04EC0-301F-11D3-BF4B-00C04F79EFBC}") = "AlmightyWarlords.Models", "AlmightyWarlords.Models\AlmightyWarlords.Models.csproj", "{DE965255-110E-462A-9437-CAB1E68BAB2D}"
EndProject
Project("{FAE04EC0-301F-11D3-BF4B-00C04F79EFBC}") = "AlmightyWarlords.DataAccess", "AlmightyWarlords.DataAccess\AlmightyWarlords.DataAccess.csproj", "{92A4E5B9-B69C-42FC-8623-8C70815C2A26}"
EndProject
Project("{FAE04EC0-301F-11D3-BF4B-00C04F79EFBC}") = "AlmightyWarlords.Logic", "AlmightyWarlords.Logic\AlmightyWarlords.Logic.csproj", "{06C14149-780E-4B9D-B12C-8020E25502A6}"
EndProject
Project("{FAE04EC0-301F-11D3-BF4B-00C04F79EFBC}") = "AlmightyWarlords.Logic.Tests", "AlmightyWarlords.Logic.Tests\AlmightyWarlords.Logic.Tests.csproj", "{572419E2-3EC8-48F0-8F90-4D76418A2F78}"
EndProject
Project("{FAE04EC0-301F-11D3-BF4B-00C04F79EFBC}") = "AlmightyWarlords.Web", "AlmightyWarlords.Web\AlmightyWarlords.Web.csproj", "{0D264B16-2324-41BF-9D71-A35F421A116C}"
EndProject
Project("{FAE04EC0-301F-11D3-BF4B-00C04F79EFBC}") = "AlmightyWarlords.WebApi", "AlmightyWarlords.WebApi\AlmightyWarlords.WebApi.csproj", "{6469A27E-B135-45F1-A755-4B193DA176FA}"
EndProject
Project("{FAE04EC0-301F-11D3-BF4B-00C04F79EFBC}") = "AlmightyWarlords.WebApi.Tests", "AlmightyWarlords.WebApi.Tests\AlmightyWarlords.WebApi.Tests.csproj", "{168AEA99-500F-4005-856F-CE5FE59AB166}"
EndProject
Global
	GlobalSection(SolutionConfigurationPlatforms) = preSolution
		Debug|Any CPU = Debug|Any CPU
		Release|Any CPU = Release|Any CPU
	EndGlobalSection
	GlobalSection(ProjectConfigurationPlatforms) = postSolution
		{A588F6B0-DC44-41A3-A830-DEF64F3A962D}.Debug|Any CPU.ActiveCfg = Debug|Any CPU
		{A588F6B0-DC44-41A3-A830-DEF64F3A962D}.Debug|Any CPU.Build.0 = Debug|Any CPU
		{A588F6B0-DC44-41A3-A830-DEF64F3A962D}.Release|Any CPU.ActiveCfg = Release|Any CPU
		{A588F6B0-DC44-41A3-A830-DEF64F3A962D}.Release|Any CPU.Build.0 = Release|Any CPU
		{DE965255-110E-462A-9437-CAB1E68BAB2D}.Debug|Any CPU.ActiveCfg = Debug|Any CPU
		{DE965255-110E-462A-9437-CAB1E68BAB2D}.Debug|Any CPU.Build.0 = Debug|Any CPU
		{DE965255-110E-462A-9437-CAB1E68BAB2D}.Release|Any CPU.ActiveCfg = Release|Any CPU
		{DE965255-110E-462A-9437-CAB1E68BAB2D}.Release|Any CPU.Build.0 = Release|Any CPU
		{92A4E5B9-B69C-42FC-8623-8C70815C2A26}.Debug|Any CPU.ActiveCfg = Debug|Any CPU
		{92A4E5B9-B69C-42FC-8623-8C70815C2A26}.Debug|Any CPU.Build.0 = Debug|Any CPU
		{92A4E5B9-B69C-42FC-8623-8C70815C2A26}.Release|Any CPU.ActiveCfg = Release|Any CPU
		{92A4E5B9-B69C-42FC-8623-8C70815C2A26}.Release|Any CPU.Build.0 = Release|Any CPU
		{06C14149-780E-4B9D-B12C-8020E25502A6}.Debug|Any CPU.ActiveCfg = Debug|Any CPU
		{06C14149-780E-4B9D-B12C-8020E25502A6}.Debug|Any CPU.Build.0 = Debug|Any CPU
		{06C14149-780E-4B9D-B12C-8020E25502A6}.Release|Any CPU.ActiveCfg = Release|Any CPU
		{06C14149-780E-4B9D-B12C-8020E25502A6}.Release|Any CPU.Build.0 = Release|Any CPU
		{572419E2-3EC8-48F0-8F90-4D76418A2F78}.Debug|Any CPU.ActiveCfg = Debug|Any CPU
		{572419E2-3EC8-48F0-8F90-4D76418A2F78}.Debug|Any CPU.Build.0 = Debug|Any CPU
		{572419E2-3EC8-48F0-8F90-4D76418A2F78}.Release|Any CPU.ActiveCfg = Release|Any CPU
		{572419E2-3EC8-48F0-8F90-4D76418A2F78}.Release|Any CPU.Build.0 = Release|Any CPU
		{0D264B16-2324-41BF-9D71-A35F421A116C}.Debug|Any CPU.ActiveCfg = Debug|Any CPU
		{0D264B16-2324-41BF-9D71-A35F421A116C}.Debug|Any CPU.Build.0 = Debug|Any CPU
		{0D264B16-2324-41BF-9D71-A35F421A116C}.Release|Any CPU.ActiveCfg = Release|Any CPU
		{0D264B16-2324-41BF-9D71-A35F421A116C}.Release|Any CPU.Build.0 = Release|Any CPU
		{6469A27E-B135-45F1-A755-4B193DA176FA}.Debug|Any CPU.ActiveCfg = Debug|Any CPU
		{6469A27E-B135-45F1-A755-4B193DA176FA}.Debug|Any CPU.Build.0 = Debug|Any CPU
		{6469A27E-B135-45F1-A755-4B193DA176FA}.Release|Any CPU.ActiveCfg = Release|Any CPU
		{6469A27E-B135-45F1-A755-4B193DA176FA}.Release|Any CPU.Build.0 = Release|Any CPU
		{168AEA99-500F-4005-856F-CE5FE59AB166}.Debug|Any CPU.ActiveCfg = Debug|Any CPU
		{168AEA99-500F-4005-856F-CE5FE59AB166}.Debug|Any CPU.Build.0 = Debug|Any CPU
		{168AEA99-500F-4005-856F-CE5FE59AB166}.Release|Any CPU.ActiveCfg = Release|Any CPU
		{168AEA99-500F-4005-856F-CE5FE59AB166}.Release|Any CPU.Build.0 = Release|Any CPU
	EndGlobalSection
	GlobalSection(SolutionProperties) = preSolution
		HideSolutionNode = FALSE
	EndGlobalSection
EndGlobal
